
Microsoft Visual Studio Solution File, Format Version 12.00
# Visual Studio Version 17
VisualStudioVersion = 17.9.34728.123
MinimumVisualStudioVersion = 10.0.40219.1
Project("{FAE04EC0-301F-11D3-BF4B-00C04F79EFBC}") = "DNS_Set", "DNS_Set\DNS_Set.csproj", "{88C23A3A-F8D0-4C2B-88A9-1AEF835AFACB}"
EndProject
Global
	GlobalSection(SolutionConfigurationPlatforms) = preSolution
		Debug|Any CPU = Debug|Any CPU
		Release|Any CPU = Release|Any CPU
	EndGlobalSection
	GlobalSection(ProjectConfigurationPlatforms) = postSolution
		{88C23A3A-F8D0-4C2B-88A9-1AEF835AFACB}.Debug|Any CPU.ActiveCfg = Debug|Any CPU
		{88C23A3A-F8D0-4C2B-88A9-1AEF835AFACB}.Debug|Any CPU.Build.0 = Debug|Any CPU
		{88C23A3A-F8D0-4C2B-88A9-1AEF835AFACB}.Release|Any CPU.ActiveCfg = Release|Any CPU
		{88C23A3A-F8D0-4C2B-88A9-1AEF835AFACB}.Release|Any CPU.Build.0 = Release|Any CPU
	EndGlobalSection
	GlobalSection(SolutionProperties) = preSolution
		HideSolutionNode = FALSE
	EndGlobalSection
	GlobalSection(ExtensibilityGlobals) = postSolution
		SolutionGuid = {0B9118AC-AB62-495A-8049-ADA356D9CDF2}
	EndGlobalSection
EndGlobal
